
Microsoft Visual Studio Solution File, Format Version 12.00
# Visual Studio Version 16
VisualStudioVersion = 16.0.30204.135
MinimumVisualStudioVersion = 10.0.40219.1
Project("{8BC9CEB8-8B4A-11D0-8D11-00A0C91BC942}") = "TicTacToe", "TicTacToe\TicTacToe.vcxproj", "{27F88872-6C35-4416-A45A-F35414820F9B}"
EndProject
Global
	GlobalSection(SolutionConfigurationPlatforms) = preSolution
		Debug|x64 = Debug|x64
		Debug|x86 = Debug|x86
		Release|x64 = Release|x64
		Release|x86 = Release|x86
	EndGlobalSection
	GlobalSection(ProjectConfigurationPlatforms) = postSolution
		{27F88872-6C35-4416-A45A-F35414820F9B}.Debug|x64.ActiveCfg = Debug|x64
		{27F88872-6C35-4416-A45A-F35414820F9B}.Debug|x64.Build.0 = Debug|x64
		{27F88872-6C35-4416-A45A-F35414820F9B}.Debug|x86.ActiveCfg = Debug|Win32
		{27F88872-6C35-4416-A45A-F35414820F9B}.Debug|x86.Build.0 = Debug|Win32
		{27F88872-6C35-4416-A45A-F35414820F9B}.Release|x64.ActiveCfg = Release|x64
		{27F88872-6C35-4416-A45A-F35414820F9B}.Release|x64.Build.0 = Release|x64
		{27F88872-6C35-4416-A45A-F35414820F9B}.Release|x86.ActiveCfg = Release|Win32
		{27F88872-6C35-4416-A45A-F35414820F9B}.Release|x86.Build.0 = Release|Win32
	EndGlobalSection
	GlobalSection(SolutionProperties) = preSolution
		HideSolutionNode = FALSE
	EndGlobalSection
	GlobalSection(ExtensibilityGlobals) = postSolution
		SolutionGuid = {133961F3-BC02-4980-B3CB-65BA8FC2CEFD}
	EndGlobalSection
EndGlobal
